
Microsoft Visual Studio Solution File, Format Version 12.00
# Visual Studio Version 16
VisualStudioVersion = 16.0.29512.175
MinimumVisualStudioVersion = 10.0.40219.1
Project("{FAE04EC0-301F-11D3-BF4B-00C04F79EFBC}") = "Lab11_Alekseev Igor", "Lab11_Alekseev Igor.csproj", "{CA337C3D-8B77-4C94-B61E-34DB643633DB}"
EndProject
Global
	GlobalSection(SolutionConfigurationPlatforms) = preSolution
		Debug|Any CPU = Debug|Any CPU
		Release|Any CPU = Release|Any CPU
	EndGlobalSection
	GlobalSection(ProjectConfigurationPlatforms) = postSolution
		{CA337C3D-8B77-4C94-B61E-34DB643633DB}.Debug|Any CPU.ActiveCfg = Debug|Any CPU
		{CA337C3D-8B77-4C94-B61E-34DB643633DB}.Debug|Any CPU.Build.0 = Debug|Any CPU
		{CA337C3D-8B77-4C94-B61E-34DB643633DB}.Release|Any CPU.ActiveCfg = Release|Any CPU
		{CA337C3D-8B77-4C94-B61E-34DB643633DB}.Release|Any CPU.Build.0 = Release|Any CPU
	EndGlobalSection
	GlobalSection(SolutionProperties) = preSolution
		HideSolutionNode = FALSE
	EndGlobalSection
	GlobalSection(ExtensibilityGlobals) = postSolution
		SolutionGuid = {589C90A2-19A4-4B05-95A0-10AA9084952D}
	EndGlobalSection
EndGlobal
